<?xml version="1.0" encoding="utf-8"?>
<Project ToolsVersion="4.0" xmlns="http://schemas.microsoft.com/developer/msbuild/2003">
  <ItemGroup>
    <Filter Include="Source Files">
      <UniqueIdentifier>{4FC737F1-C7A5-4376-A066-2A32D752A2FF}</UniqueIdentifier>
      <Extensions>cpp;c;cc;cxx;c++;cppm;ixx;def;odl;idl;hpj;bat;asm;asmx</Extensions>
    </Filter>
    <Filter Include="Header Files">
      <UniqueIdentifier>{93995380-89BD-4b04-88EB-625FBE52EBFB}</UniqueIdentifier>
      <Extensions>h;hh;hpp;hxx;h++;hm;inl;inc;ipp;xsd</Extensions>
    </Filter>
    <Filter Include="Resource Files">
      <UniqueIdentifier>{67DA6AB6-F800-4c08-8B7A-83BB121AAD01}</UniqueIdentifier>
      <Extensions>rc;ico;cur;bmp;dlg;rc2;rct;bin;rgs;gif;jpg;jpeg;jpe;resx;tiff;tif;png;wav;mfcribbon-ms</Extensions>
    </Filter>
    <Filter Include="Header Files\Objs">
      <UniqueIdentifier>{cc741b22-2293-4c8b-ace3-a88f50a7bbe6}</UniqueIdentifier>
    </Filter>
    <Filter Include="Header Files\Objs\enemy">
      <UniqueIdentifier>{d4046a5b-e38f-40af-8467-bfa14addeba0}</UniqueIdentifier>
    </Filter>
    <Filter Include="Header Files\Objs\towers">
      <UniqueIdentifier>{c7fd0bb0-a706-4f67-9bbb-96a7ef19f282}</UniqueIdentifier>
    </Filter>
    <Filter Include="Header Files\Screens">
      <UniqueIdentifier>{0a6118f5-a107-4f3c-bfb4-6ae6cea17a87}</UniqueIdentifier>
    </Filter>
  </ItemGroup>
  <ItemGroup>
    <ClCompile Include="Main.cpp">
      <Filter>Source Files</Filter>
    </ClCompile>
  </ItemGroup>
  <ItemGroup>
    <ClInclude Include="Utils.h">
      <Filter>Header Files</Filter>
    </ClInclude>
    <ClInclude Include="World.h">
      <Filter>Header Files</Filter>
    </ClInclude>
    <ClInclude Include="PathGenerator.h">
      <Filter>Header Files</Filter>
    </ClInclude>
    <ClInclude Include="Node.h">
      <Filter>Header Files</Filter>
    </ClInclude>
    <ClInclude Include="SpriteSheet.h">
      <Filter>Header Files</Filter>
    </ClInclude>
    <ClInclude Include="Enemy.h">
      <Filter>Header Files\Objs\enemy</Filter>
    </ClInclude>
    <ClInclude Include="Enemy1.h">
      <Filter>Header Files\Objs\enemy</Filter>
    </ClInclude>
    <ClInclude Include="GameObject.h">
      <Filter>Header Files\Objs</Filter>
    </ClInclude>
    <ClInclude Include="WaveSpawner.h">
      <Filter>Header Files</Filter>
    </ClInclude>
    <ClInclude Include="Enemy2.h">
      <Filter>Header Files\Objs\enemy</Filter>
    </ClInclude>
    <ClInclude Include="Healthbar.h">
      <Filter>Header Files\Objs</Filter>
    </ClInclude>
    <ClInclude Include="Projectile.h">
      <Filter>Header Files\Objs\towers</Filter>
    </ClInclude>
    <ClInclude Include="Tower.h">
      <Filter>Header Files\Objs\towers</Filter>
    </ClInclude>
    <ClInclude Include="Tower1.h">
      <Filter>Header Files\Objs\towers</Filter>
    </ClInclude>
    <ClInclude Include="Projectile1.h">
      <Filter>Header Files\Objs\towers</Filter>
    </ClInclude>
    <ClInclude Include="Button.h">
      <Filter>Header Files\Objs</Filter>
    </ClInclude>
    <ClInclude Include="Explosion.h">
      <Filter>Header Files\Objs</Filter>
    </ClInclude>
    <ClInclude Include="Tower2.h">
      <Filter>Header Files\Objs\towers</Filter>
    </ClInclude>
    <ClInclude Include="Projectile2.h">
      <Filter>Header Files\Objs\towers</Filter>
    </ClInclude>
    <ClInclude Include="Tower3.h">
      <Filter>Header Files\Objs\towers</Filter>
    </ClInclude>
    <ClInclude Include="Game.h">
      <Filter>Header Files\Screens</Filter>
    </ClInclude>
    <ClInclude Include="Projectile3.h">
      <Filter>Header Files\Objs\towers</Filter>
    </ClInclude>
    <ClInclude Include="Screen.h">
      <Filter>Header Files\Screens</Filter>
    </ClInclude>
    <ClInclude Include="GameOver.h">
      <Filter>Header Files\Screens</Filter>
    </ClInclude>
    <ClInclude Include="MainMenu.h">
      <Filter>Header Files\Screens</Filter>
    </ClInclude>
    <ClInclude Include="YouWin.h">
      <Filter>Header Files\Screens</Filter>
    </ClInclude>
    <ClInclude Include="MSound.h">
      <Filter>Header Files</Filter>
    </ClInclude>
  </ItemGroup>
</Project>